
Microsoft Visual Studio Solution File, Format Version 12.00
# Visual Studio Version 17
VisualStudioVersion = 17.9.34728.123
MinimumVisualStudioVersion = 10.0.40219.1
Project("{9A19103F-16F7-4668-BE54-9A1E7A4F7556}") = "TestWeb", "TestWeb\TestWeb.csproj", "{E580815F-0297-4095-A5BE-CF93F8AF2DFF}"
EndProject
Project("{9A19103F-16F7-4668-BE54-9A1E7A4F7556}") = "Easy.HttpClient", "Easy.HttpClient\Easy.HttpClient.csproj", "{963ADBD1-0227-4051-AF60-403E19834962}"
EndProject
Global
	GlobalSection(SolutionConfigurationPlatforms) = preSolution
		Debug|Any CPU = Debug|Any CPU
		Release|Any CPU = Release|Any CPU
	EndGlobalSection
	GlobalSection(ProjectConfigurationPlatforms) = postSolution
		{E580815F-0297-4095-A5BE-CF93F8AF2DFF}.Debug|Any CPU.ActiveCfg = Debug|Any CPU
		{E580815F-0297-4095-A5BE-CF93F8AF2DFF}.Debug|Any CPU.Build.0 = Debug|Any CPU
		{E580815F-0297-4095-A5BE-CF93F8AF2DFF}.Release|Any CPU.ActiveCfg = Release|Any CPU
		{E580815F-0297-4095-A5BE-CF93F8AF2DFF}.Release|Any CPU.Build.0 = Release|Any CPU
		{963ADBD1-0227-4051-AF60-403E19834962}.Debug|Any CPU.ActiveCfg = Debug|Any CPU
		{963ADBD1-0227-4051-AF60-403E19834962}.Debug|Any CPU.Build.0 = Debug|Any CPU
		{963ADBD1-0227-4051-AF60-403E19834962}.Release|Any CPU.ActiveCfg = Release|Any CPU
		{963ADBD1-0227-4051-AF60-403E19834962}.Release|Any CPU.Build.0 = Release|Any CPU
	EndGlobalSection
	GlobalSection(SolutionProperties) = preSolution
		HideSolutionNode = FALSE
	EndGlobalSection
	GlobalSection(ExtensibilityGlobals) = postSolution
		SolutionGuid = {A60FF9B5-4DEA-4102-97FB-E3ED3DAC2939}
	EndGlobalSection
EndGlobal
